
Microsoft Visual Studio Solution File, Format Version 12.00
# Visual Studio Version 16
VisualStudioVersion = 16.0.31105.61
MinimumVisualStudioVersion = 10.0.40219.1
Project("{9A19103F-16F7-4668-BE54-9A1E7A4F7556}") = "Hello2", "Hello2\Hello2.csproj", "{5D182CE9-4682-4D72-876F-F48BE45ADB6D}"
EndProject
Project("{FAE04EC0-301F-11D3-BF4B-00C04F79EFBC}") = "Flows", "Flows\Flows.csproj", "{238F6F65-C14C-47B6-972C-EF50C325CCDF}"
EndProject
Project("{FAE04EC0-301F-11D3-BF4B-00C04F79EFBC}") = "Branches", "Branches\Branches.csproj", "{A7B697D7-E371-4CC7-82FD-83D8C4034F06}"
EndProject
Project("{FAE04EC0-301F-11D3-BF4B-00C04F79EFBC}") = "Collecties", "Collecties\Collecties.csproj", "{28017922-7A79-4BD9-AB98-6C2C5AE37DF4}"
EndProject
Global
	GlobalSection(SolutionConfigurationPlatforms) = preSolution
		Debug|Any CPU = Debug|Any CPU
		Release|Any CPU = Release|Any CPU
	EndGlobalSection
	GlobalSection(ProjectConfigurationPlatforms) = postSolution
		{5D182CE9-4682-4D72-876F-F48BE45ADB6D}.Debug|Any CPU.ActiveCfg = Debug|Any CPU
		{5D182CE9-4682-4D72-876F-F48BE45ADB6D}.Debug|Any CPU.Build.0 = Debug|Any CPU
		{5D182CE9-4682-4D72-876F-F48BE45ADB6D}.Release|Any CPU.ActiveCfg = Release|Any CPU
		{5D182CE9-4682-4D72-876F-F48BE45ADB6D}.Release|Any CPU.Build.0 = Release|Any CPU
		{238F6F65-C14C-47B6-972C-EF50C325CCDF}.Debug|Any CPU.ActiveCfg = Debug|Any CPU
		{238F6F65-C14C-47B6-972C-EF50C325CCDF}.Debug|Any CPU.Build.0 = Debug|Any CPU
		{238F6F65-C14C-47B6-972C-EF50C325CCDF}.Release|Any CPU.ActiveCfg = Release|Any CPU
		{238F6F65-C14C-47B6-972C-EF50C325CCDF}.Release|Any CPU.Build.0 = Release|Any CPU
		{A7B697D7-E371-4CC7-82FD-83D8C4034F06}.Debug|Any CPU.ActiveCfg = Debug|Any CPU
		{A7B697D7-E371-4CC7-82FD-83D8C4034F06}.Debug|Any CPU.Build.0 = Debug|Any CPU
		{A7B697D7-E371-4CC7-82FD-83D8C4034F06}.Release|Any CPU.ActiveCfg = Release|Any CPU
		{A7B697D7-E371-4CC7-82FD-83D8C4034F06}.Release|Any CPU.Build.0 = Release|Any CPU
		{28017922-7A79-4BD9-AB98-6C2C5AE37DF4}.Debug|Any CPU.ActiveCfg = Debug|Any CPU
		{28017922-7A79-4BD9-AB98-6C2C5AE37DF4}.Debug|Any CPU.Build.0 = Debug|Any CPU
		{28017922-7A79-4BD9-AB98-6C2C5AE37DF4}.Release|Any CPU.ActiveCfg = Release|Any CPU
		{28017922-7A79-4BD9-AB98-6C2C5AE37DF4}.Release|Any CPU.Build.0 = Release|Any CPU
	EndGlobalSection
	GlobalSection(SolutionProperties) = preSolution
		HideSolutionNode = FALSE
	EndGlobalSection
	GlobalSection(ExtensibilityGlobals) = postSolution
		SolutionGuid = {3E0A13AF-D582-4B8C-B1BD-35CCDEE67CCF}
	EndGlobalSection
EndGlobal
